
Microsoft Visual Studio Solution File, Format Version 12.00
# Visual Studio Version 17
VisualStudioVersion = 17.14.36429.23
MinimumVisualStudioVersion = 10.0.40219.1
Project("{FAE04EC0-301F-11D3-BF4B-00C04F79EFBC}") = "API MVC Suptech", "API MVC Suptech\API MVC Suptech.csproj", "{D6F36DD2-95B6-43F1-80B4-EF1A1A8A9E1D}"
EndProject
Global
	GlobalSection(SolutionConfigurationPlatforms) = preSolution
		Debug|Any CPU = Debug|Any CPU
		Release|Any CPU = Release|Any CPU
	EndGlobalSection
	GlobalSection(ProjectConfigurationPlatforms) = postSolution
		{D6F36DD2-95B6-43F1-80B4-EF1A1A8A9E1D}.Debug|Any CPU.ActiveCfg = Debug|Any CPU
		{D6F36DD2-95B6-43F1-80B4-EF1A1A8A9E1D}.Debug|Any CPU.Build.0 = Debug|Any CPU
		{D6F36DD2-95B6-43F1-80B4-EF1A1A8A9E1D}.Release|Any CPU.ActiveCfg = Release|Any CPU
		{D6F36DD2-95B6-43F1-80B4-EF1A1A8A9E1D}.Release|Any CPU.Build.0 = Release|Any CPU
	EndGlobalSection
	GlobalSection(SolutionProperties) = preSolution
		HideSolutionNode = FALSE
	EndGlobalSection
	GlobalSection(ExtensibilityGlobals) = postSolution
		SolutionGuid = {E4FB8329-10C0-41E5-B1AA-9D1D1C16023C}
	EndGlobalSection
EndGlobal
